
Microsoft Visual Studio Solution File, Format Version 12.00
# Visual Studio Version 17
VisualStudioVersion = 17.2.32616.157
MinimumVisualStudioVersion = 10.0.40219.1
Project("{FAE04EC0-301F-11D3-BF4B-00C04F79EFBC}") = "SkillFactorySVN17", "SkillFactorySVN17.csproj", "{F51DD222-C697-419A-A995-BBF9DD16DFB8}"
EndProject
Project("{2150E333-8FDC-42A3-9474-1A3956D46DE8}") = "Элементы решения", "Элементы решения", "{9244C949-F00A-4879-B2DF-B9D605B8423B}"
	ProjectSection(SolutionItems) = preProject
		.gitignore = .gitignore
		README.md = README.md
	EndProjectSection
EndProject
Global
	GlobalSection(SolutionConfigurationPlatforms) = preSolution
		Debug|Any CPU = Debug|Any CPU
		Release|Any CPU = Release|Any CPU
	EndGlobalSection
	GlobalSection(ProjectConfigurationPlatforms) = postSolution
		{F51DD222-C697-419A-A995-BBF9DD16DFB8}.Debug|Any CPU.ActiveCfg = Debug|Any CPU
		{F51DD222-C697-419A-A995-BBF9DD16DFB8}.Debug|Any CPU.Build.0 = Debug|Any CPU
		{F51DD222-C697-419A-A995-BBF9DD16DFB8}.Release|Any CPU.ActiveCfg = Release|Any CPU
		{F51DD222-C697-419A-A995-BBF9DD16DFB8}.Release|Any CPU.Build.0 = Release|Any CPU
	EndGlobalSection
	GlobalSection(SolutionProperties) = preSolution
		HideSolutionNode = FALSE
	EndGlobalSection
	GlobalSection(ExtensibilityGlobals) = postSolution
		SolutionGuid = {C75B6514-D552-47CD-B5E9-3C825B456038}
	EndGlobalSection
EndGlobal
